
Microsoft Visual Studio Solution File, Format Version 12.00
# Visual Studio 15
VisualStudioVersion = 15.0.27130.2027
MinimumVisualStudioVersion = 10.0.40219.1
Project("{9A19103F-16F7-4668-BE54-9A1E7A4F7556}") = "NLight", "NLight\NLight.csproj", "{5F0233A8-3C05-44BB-8E97-476D6C5F7111}"
EndProject
Project("{9A19103F-16F7-4668-BE54-9A1E7A4F7556}") = "NLight.Tests.Benchmarks", "NLight.Tests.Benchmarks\NLight.Tests.Benchmarks.csproj", "{8844C12D-26F6-4FF7-8585-1569AE4FA58F}"
EndProject
Project("{FAE04EC0-301F-11D3-BF4B-00C04F79EFBC}") = "NLight.Tests.Unit", "NLight.Tests.Unit\NLight.Tests.Unit.csproj", "{41D78BAF-EB52-497A-9A20-5FA5DD0902FC}"
EndProject
Global
	GlobalSection(SolutionConfigurationPlatforms) = preSolution
		Debug|Any CPU = Debug|Any CPU
		Release|Any CPU = Release|Any CPU
	EndGlobalSection
	GlobalSection(ProjectConfigurationPlatforms) = postSolution
		{5F0233A8-3C05-44BB-8E97-476D6C5F7111}.Debug|Any CPU.ActiveCfg = Debug|Any CPU
		{5F0233A8-3C05-44BB-8E97-476D6C5F7111}.Debug|Any CPU.Build.0 = Debug|Any CPU
		{5F0233A8-3C05-44BB-8E97-476D6C5F7111}.Release|Any CPU.ActiveCfg = Release|Any CPU
		{5F0233A8-3C05-44BB-8E97-476D6C5F7111}.Release|Any CPU.Build.0 = Release|Any CPU
		{8844C12D-26F6-4FF7-8585-1569AE4FA58F}.Debug|Any CPU.ActiveCfg = Debug|Any CPU
		{8844C12D-26F6-4FF7-8585-1569AE4FA58F}.Debug|Any CPU.Build.0 = Debug|Any CPU
		{8844C12D-26F6-4FF7-8585-1569AE4FA58F}.Release|Any CPU.ActiveCfg = Release|Any CPU
		{8844C12D-26F6-4FF7-8585-1569AE4FA58F}.Release|Any CPU.Build.0 = Release|Any CPU
		{41D78BAF-EB52-497A-9A20-5FA5DD0902FC}.Debug|Any CPU.ActiveCfg = Debug|Any CPU
		{41D78BAF-EB52-497A-9A20-5FA5DD0902FC}.Debug|Any CPU.Build.0 = Debug|Any CPU
		{41D78BAF-EB52-497A-9A20-5FA5DD0902FC}.Release|Any CPU.ActiveCfg = Release|Any CPU
		{41D78BAF-EB52-497A-9A20-5FA5DD0902FC}.Release|Any CPU.Build.0 = Release|Any CPU
	EndGlobalSection
	GlobalSection(SolutionProperties) = preSolution
		HideSolutionNode = FALSE
	EndGlobalSection
	GlobalSection(ExtensibilityGlobals) = postSolution
		SolutionGuid = {AD7A5CEA-99AC-4A1E-8F6F-20BB9C9E68C8}
	EndGlobalSection
EndGlobal
